<?xml version="1.0" encoding="UTF-8"?>
<Scheme
   version = "1.3">
   <BuildAction>
      <BuildActionEntries>
         <BuildActionEntry
            buildForRunning = "YES">
            <BuildableReference
               BuildableIdentifier = "primary"
               BlueprintIdentifier = "DD2AA5D12AF7F92D00E71405"
               BuildableName = "ejercicioConOperadores"
               BlueprintName = "ejercicioConOperadores"
               ReferencedContainer = "container:ejercicioConOperadores.xcodeproj">
            </BuildableReference>
         </BuildActionEntry>
      </BuildActionEntries>
   </BuildAction>
   <LaunchAction
      useCustomWorkingDirectory = "NO"
      buildConfiguration = "Debug"
      allowLocationSimulation = "YES">
      <BuildableProductRunnable>
         <BuildableReference
            BuildableIdentifier = "primary"
            BlueprintIdentifier = "DD2AA5D12AF7F92D00E71405"
            BuildableName = "ejercicioConOperadores"
            BlueprintName = "ejercicioConOperadores"
            ReferencedContainer = "container:ejercicioConOperadores.xcodeproj">
         </BuildableReference>
      </BuildableProductRunnable>
   </LaunchAction>
</Scheme>
